
Microsoft Visual Studio Solution File, Format Version 12.00
# Visual Studio 15
VisualStudioVersion = 15.0.27130.2026
MinimumVisualStudioVersion = 10.0.40219.1
Project("{8BC9CEB8-8B4A-11D0-8D11-00A0C91BC942}") = "day2", "day2\day2.vcxproj", "{2F218FB0-0FB0-49B3-A3B1-C579AE36B1AF}"
EndProject
Project("{8BC9CEB8-8B4A-11D0-8D11-00A0C91BC942}") = "day1", "day1\day1.vcxproj", "{483CAFBD-6AF3-4F39-AC1D-A7E128424A8B}"
EndProject
Project("{8BC9CEB8-8B4A-11D0-8D11-00A0C91BC942}") = "day3", "day3\day3.vcxproj", "{C575DFBC-988E-4D45-9D56-142D1CC66833}"
EndProject
Project("{888888A0-9F3D-457C-B088-3A5042F75D52}") = "day4", "day4\day4.pyproj", "{6651F8D2-1168-4AA2-8E41-40A66923ECDB}"
EndProject
Project("{9092AA53-FB77-4645-B42D-1CCCA6BD08BD}") = "day5", "day5\day5.njsproj", "{68D546F3-C5A9-404B-B3F1-E1947EB38C93}"
EndProject
Project("{9092AA53-FB77-4645-B42D-1CCCA6BD08BD}") = "day6", "day6\day6.njsproj", "{AFA8A888-3D8F-4087-837E-4536E35219B6}"
EndProject
Global
	GlobalSection(SolutionConfigurationPlatforms) = preSolution
		Debug|Any CPU = Debug|Any CPU
		Debug|x64 = Debug|x64
		Debug|x86 = Debug|x86
		Release|Any CPU = Release|Any CPU
		Release|x64 = Release|x64
		Release|x86 = Release|x86
	EndGlobalSection
	GlobalSection(ProjectConfigurationPlatforms) = postSolution
		{2F218FB0-0FB0-49B3-A3B1-C579AE36B1AF}.Debug|Any CPU.ActiveCfg = Debug|Win32
		{2F218FB0-0FB0-49B3-A3B1-C579AE36B1AF}.Debug|x64.ActiveCfg = Debug|x64
		{2F218FB0-0FB0-49B3-A3B1-C579AE36B1AF}.Debug|x64.Build.0 = Debug|x64
		{2F218FB0-0FB0-49B3-A3B1-C579AE36B1AF}.Debug|x86.ActiveCfg = Debug|Win32
		{2F218FB0-0FB0-49B3-A3B1-C579AE36B1AF}.Debug|x86.Build.0 = Debug|Win32
		{2F218FB0-0FB0-49B3-A3B1-C579AE36B1AF}.Release|Any CPU.ActiveCfg = Release|Win32
		{2F218FB0-0FB0-49B3-A3B1-C579AE36B1AF}.Release|x64.ActiveCfg = Release|x64
		{2F218FB0-0FB0-49B3-A3B1-C579AE36B1AF}.Release|x64.Build.0 = Release|x64
		{2F218FB0-0FB0-49B3-A3B1-C579AE36B1AF}.Release|x86.ActiveCfg = Release|Win32
		{2F218FB0-0FB0-49B3-A3B1-C579AE36B1AF}.Release|x86.Build.0 = Release|Win32
		{483CAFBD-6AF3-4F39-AC1D-A7E128424A8B}.Debug|Any CPU.ActiveCfg = Debug|Win32
		{483CAFBD-6AF3-4F39-AC1D-A7E128424A8B}.Debug|x64.ActiveCfg = Debug|x64
		{483CAFBD-6AF3-4F39-AC1D-A7E128424A8B}.Debug|x64.Build.0 = Debug|x64
		{483CAFBD-6AF3-4F39-AC1D-A7E128424A8B}.Debug|x86.ActiveCfg = Debug|Win32
		{483CAFBD-6AF3-4F39-AC1D-A7E128424A8B}.Debug|x86.Build.0 = Debug|Win32
		{483CAFBD-6AF3-4F39-AC1D-A7E128424A8B}.Release|Any CPU.ActiveCfg = Release|Win32
		{483CAFBD-6AF3-4F39-AC1D-A7E128424A8B}.Release|x64.ActiveCfg = Release|x64
		{483CAFBD-6AF3-4F39-AC1D-A7E128424A8B}.Release|x64.Build.0 = Release|x64
		{483CAFBD-6AF3-4F39-AC1D-A7E128424A8B}.Release|x86.ActiveCfg = Release|Win32
		{483CAFBD-6AF3-4F39-AC1D-A7E128424A8B}.Release|x86.Build.0 = Release|Win32
		{C575DFBC-988E-4D45-9D56-142D1CC66833}.Debug|Any CPU.ActiveCfg = Debug|Win32
		{C575DFBC-988E-4D45-9D56-142D1CC66833}.Debug|x64.ActiveCfg = Debug|x64
		{C575DFBC-988E-4D45-9D56-142D1CC66833}.Debug|x64.Build.0 = Debug|x64
		{C575DFBC-988E-4D45-9D56-142D1CC66833}.Debug|x86.ActiveCfg = Debug|Win32
		{C575DFBC-988E-4D45-9D56-142D1CC66833}.Debug|x86.Build.0 = Debug|Win32
		{C575DFBC-988E-4D45-9D56-142D1CC66833}.Release|Any CPU.ActiveCfg = Release|Win32
		{C575DFBC-988E-4D45-9D56-142D1CC66833}.Release|x64.ActiveCfg = Release|x64
		{C575DFBC-988E-4D45-9D56-142D1CC66833}.Release|x64.Build.0 = Release|x64
		{C575DFBC-988E-4D45-9D56-142D1CC66833}.Release|x86.ActiveCfg = Release|Win32
		{C575DFBC-988E-4D45-9D56-142D1CC66833}.Release|x86.Build.0 = Release|Win32
		{6651F8D2-1168-4AA2-8E41-40A66923ECDB}.Debug|Any CPU.ActiveCfg = Debug|Any CPU
		{6651F8D2-1168-4AA2-8E41-40A66923ECDB}.Debug|x64.ActiveCfg = Debug|Any CPU
		{6651F8D2-1168-4AA2-8E41-40A66923ECDB}.Debug|x86.ActiveCfg = Debug|Any CPU
		{6651F8D2-1168-4AA2-8E41-40A66923ECDB}.Release|Any CPU.ActiveCfg = Release|Any CPU
		{6651F8D2-1168-4AA2-8E41-40A66923ECDB}.Release|x64.ActiveCfg = Release|Any CPU
		{6651F8D2-1168-4AA2-8E41-40A66923ECDB}.Release|x86.ActiveCfg = Release|Any CPU
		{68D546F3-C5A9-404B-B3F1-E1947EB38C93}.Debug|Any CPU.ActiveCfg = Debug|Any CPU
		{68D546F3-C5A9-404B-B3F1-E1947EB38C93}.Debug|Any CPU.Build.0 = Debug|Any CPU
		{68D546F3-C5A9-404B-B3F1-E1947EB38C93}.Debug|x64.ActiveCfg = Debug|Any CPU
		{68D546F3-C5A9-404B-B3F1-E1947EB38C93}.Debug|x64.Build.0 = Debug|Any CPU
		{68D546F3-C5A9-404B-B3F1-E1947EB38C93}.Debug|x86.ActiveCfg = Debug|Any CPU
		{68D546F3-C5A9-404B-B3F1-E1947EB38C93}.Debug|x86.Build.0 = Debug|Any CPU
		{68D546F3-C5A9-404B-B3F1-E1947EB38C93}.Release|Any CPU.ActiveCfg = Release|Any CPU
		{68D546F3-C5A9-404B-B3F1-E1947EB38C93}.Release|Any CPU.Build.0 = Release|Any CPU
		{68D546F3-C5A9-404B-B3F1-E1947EB38C93}.Release|x64.ActiveCfg = Release|Any CPU
		{68D546F3-C5A9-404B-B3F1-E1947EB38C93}.Release|x64.Build.0 = Release|Any CPU
		{68D546F3-C5A9-404B-B3F1-E1947EB38C93}.Release|x86.ActiveCfg = Release|Any CPU
		{68D546F3-C5A9-404B-B3F1-E1947EB38C93}.Release|x86.Build.0 = Release|Any CPU
		{AFA8A888-3D8F-4087-837E-4536E35219B6}.Debug|Any CPU.ActiveCfg = Debug|Any CPU
		{AFA8A888-3D8F-4087-837E-4536E35219B6}.Debug|Any CPU.Build.0 = Debug|Any CPU
		{AFA8A888-3D8F-4087-837E-4536E35219B6}.Debug|x64.ActiveCfg = Debug|Any CPU
		{AFA8A888-3D8F-4087-837E-4536E35219B6}.Debug|x64.Build.0 = Debug|Any CPU
		{AFA8A888-3D8F-4087-837E-4536E35219B6}.Debug|x86.ActiveCfg = Debug|Any CPU
		{AFA8A888-3D8F-4087-837E-4536E35219B6}.Debug|x86.Build.0 = Debug|Any CPU
		{AFA8A888-3D8F-4087-837E-4536E35219B6}.Release|Any CPU.ActiveCfg = Release|Any CPU
		{AFA8A888-3D8F-4087-837E-4536E35219B6}.Release|Any CPU.Build.0 = Release|Any CPU
		{AFA8A888-3D8F-4087-837E-4536E35219B6}.Release|x64.ActiveCfg = Release|Any CPU
		{AFA8A888-3D8F-4087-837E-4536E35219B6}.Release|x64.Build.0 = Release|Any CPU
		{AFA8A888-3D8F-4087-837E-4536E35219B6}.Release|x86.ActiveCfg = Release|Any CPU
		{AFA8A888-3D8F-4087-837E-4536E35219B6}.Release|x86.Build.0 = Release|Any CPU
	EndGlobalSection
	GlobalSection(SolutionProperties) = preSolution
		HideSolutionNode = FALSE
	EndGlobalSection
	GlobalSection(ExtensibilityGlobals) = postSolution
		SolutionGuid = {DA6ABFF2-28B5-4D8F-B7CD-DE01881C7E01}
	EndGlobalSection
EndGlobal
